// !$*UTF8*$!
{
	archiveVersion = 1;
	classes = {
	};
	objectVersion = 55;
	objects = {

/* Begin PBXBuildFile section */
		433058DC29A57D6C0031AF67 /* FileManager.swift in Sources */ = {isa = PBXBuildFile; fileRef = 433058DB29A57D6C0031AF67 /* FileManager.swift */; };
		433FA394298C49CA004C0652 /* AbsenceView.swift in Sources */ = {isa = PBXBuildFile; fileRef = 433FA393298C49CA004C0652 /* AbsenceView.swift */; };
		433FA396298C4AB1004C0652 /* RootTabView.swift in Sources */ = {isa = PBXBuildFile; fileRef = 433FA395298C4AB1004C0652 /* RootTabView.swift */; };
		433FA398298C4D16004C0652 /* StateController.swift in Sources */ = {isa = PBXBuildFile; fileRef = 433FA397298C4D16004C0652 /* StateController.swift */; };
		433FA39A298C4E9E004C0652 /* StatisticsView.swift in Sources */ = {isa = PBXBuildFile; fileRef = 433FA399298C4E9E004C0652 /* StatisticsView.swift */; };
		43524D9D2989CAA200A3D060 /* Date.swift in Sources */ = {isa = PBXBuildFile; fileRef = 43524D9C2989CAA200A3D060 /* Date.swift */; };
		43524D9F2989CF2800A3D060 /* DivisionItem.swift in Sources */ = {isa = PBXBuildFile; fileRef = 43524D9E2989CF2800A3D060 /* DivisionItem.swift */; };
		4396BF69297C9D20008380AC /* AbsenceRecorderApp.swift in Sources */ = {isa = PBXBuildFile; fileRef = 4396BF68297C9D20008380AC /* AbsenceRecorderApp.swift */; };
		4396BF6B297C9D20008380AC /* DivisionsView.swift in Sources */ = {isa = PBXBuildFile; fileRef = 4396BF6A297C9D20008380AC /* DivisionsView.swift */; };
		4396BF6D297C9D23008380AC /* Assets.xcassets in Resources */ = {isa = PBXBuildFile; fileRef = 4396BF6C297C9D23008380AC /* Assets.xcassets */; };
		4396BF70297C9D23008380AC /* Preview Assets.xcassets in Resources */ = {isa = PBXBuildFile; fileRef = 4396BF6F297C9D23008380AC /* Preview Assets.xcassets */; };
		4396BF7A297C9D23008380AC /* AbsenceRecorderTests.swift in Sources */ = {isa = PBXBuildFile; fileRef = 4396BF79297C9D23008380AC /* AbsenceRecorderTests.swift */; };
		4396BF84297C9D23008380AC /* AbsenceRecorderUITests.swift in Sources */ = {isa = PBXBuildFile; fileRef = 4396BF83297C9D23008380AC /* AbsenceRecorderUITests.swift */; };
		4396BF86297C9D23008380AC /* AbsenceRecorderUITestsLaunchTests.swift in Sources */ = {isa = PBXBuildFile; fileRef = 4396BF85297C9D23008380AC /* AbsenceRecorderUITestsLaunchTests.swift */; };
		4396BF97297CA483008380AC /* Student.swift in Sources */ = {isa = PBXBuildFile; fileRef = 4396BF96297CA483008380AC /* Student.swift */; };
		4396BF99297CA579008380AC /* Division.swift in Sources */ = {isa = PBXBuildFile; fileRef = 4396BF98297CA579008380AC /* Division.swift */; };
		43B8E98A298C614D00B9085A /* AbsenceItem.swift in Sources */ = {isa = PBXBuildFile; fileRef = 43B8E989298C614D00B9085A /* AbsenceItem.swift */; };
		43B8E98C298C638A00B9085A /* StudentAbsence.swift in Sources */ = {isa = PBXBuildFile; fileRef = 43B8E98B298C638A00B9085A /* StudentAbsence.swift */; };
		43B8E98E298C661A00B9085A /* Absence.swift in Sources */ = {isa = PBXBuildFile; fileRef = 43B8E98D298C661A00B9085A /* Absence.swift */; };
		43B8E990298C69D000B9085A /* DivisionTests.swift in Sources */ = {isa = PBXBuildFile; fileRef = 43B8E98F298C69D000B9085A /* DivisionTests.swift */; };
/* End PBXBuildFile section */

/* Begin PBXContainerItemProxy section */
		4396BF76297C9D23008380AC /* PBXContainerItemProxy */ = {
			isa = PBXContainerItemProxy;
			containerPortal = 4396BF5D297C9D20008380AC /* Project object */;
			proxyType = 1;
			remoteGlobalIDString = 4396BF64297C9D20008380AC;
			remoteInfo = AbsenceRecorder;
		};
		4396BF80297C9D23008380AC /* PBXContainerItemProxy */ = {
			isa = PBXContainerItemProxy;
			containerPortal = 4396BF5D297C9D20008380AC /* Project object */;
			proxyType = 1;
			remoteGlobalIDString = 4396BF64297C9D20008380AC;
			remoteInfo = AbsenceRecorder;
		};
/* End PBXContainerItemProxy section */

/* Begin PBXFileReference section */
		433058DB29A57D6C0031AF67 /* FileManager.swift */ = {isa = PBXFileReference; lastKnownFileType = sourcecode.swift; path = FileManager.swift; sourceTree = "<group>"; };
		433FA393298C49CA004C0652 /* AbsenceView.swift */ = {isa = PBXFileReference; lastKnownFileType = sourcecode.swift; path = AbsenceView.swift; sourceTree = "<group>"; };
		433FA395298C4AB1004C0652 /* RootTabView.swift */ = {isa = PBXFileReference; lastKnownFileType = sourcecode.swift; path = RootTabView.swift; sourceTree = "<group>"; };
		433FA397298C4D16004C0652 /* StateController.swift */ = {isa = PBXFileReference; lastKnownFileType = sourcecode.swift; path = StateController.swift; sourceTree = "<group>"; };
		433FA399298C4E9E004C0652 /* StatisticsView.swift */ = {isa = PBXFileReference; lastKnownFileType = sourcecode.swift; path = StatisticsView.swift; sourceTree = "<group>"; };
		43524D9C2989CAA200A3D060 /* Date.swift */ = {isa = PBXFileReference; lastKnownFileType = sourcecode.swift; path = Date.swift; sourceTree = "<group>"; };
		43524D9E2989CF2800A3D060 /* DivisionItem.swift */ = {isa = PBXFileReference; lastKnownFileType = sourcecode.swift; path = DivisionItem.swift; sourceTree = "<group>"; };
		4396BF65297C9D20008380AC /* AbsenceRecorder.app */ = {isa = PBXFileReference; explicitFileType = wrapper.application; includeInIndex = 0; path = AbsenceRecorder.app; sourceTree = BUILT_PRODUCTS_DIR; };
		4396BF68297C9D20008380AC /* AbsenceRecorderApp.swift */ = {isa = PBXFileReference; lastKnownFileType = sourcecode.swift; path = AbsenceRecorderApp.swift; sourceTree = "<group>"; };
		4396BF6A297C9D20008380AC /* DivisionsView.swift */ = {isa = PBXFileReference; lastKnownFileType = sourcecode.swift; path = DivisionsView.swift; sourceTree = "<group>"; };
		4396BF6C297C9D23008380AC /* Assets.xcassets */ = {isa = PBXFileReference; lastKnownFileType = folder.assetcatalog; path = Assets.xcassets; sourceTree = "<group>"; };
		4396BF6F297C9D23008380AC /* Preview Assets.xcassets */ = {isa = PBXFileReference; lastKnownFileType = folder.assetcatalog; path = "Preview Assets.xcassets"; sourceTree = "<group>"; };
		4396BF75297C9D23008380AC /* AbsenceRecorderTests.xctest */ = {isa = PBXFileReference; explicitFileType = wrapper.cfbundle; includeInIndex = 0; path = AbsenceRecorderTests.xctest; sourceTree = BUILT_PRODUCTS_DIR; };
		4396BF79297C9D23008380AC /* AbsenceRecorderTests.swift */ = {isa = PBXFileReference; lastKnownFileType = sourcecode.swift; path = AbsenceRecorderTests.swift; sourceTree = "<group>"; };
		4396BF7F297C9D23008380AC /* AbsenceRecorderUITests.xctest */ = {isa = PBXFileReference; explicitFileType = wrapper.cfbundle; includeInIndex = 0; path = AbsenceRecorderUITests.xctest; sourceTree = BUILT_PRODUCTS_DIR; };
		4396BF83297C9D23008380AC /* AbsenceRecorderUITests.swift */ = {isa = PBXFileReference; lastKnownFileType = sourcecode.swift; path = AbsenceRecorderUITests.swift; sourceTree = "<group>"; };
		4396BF85297C9D23008380AC /* AbsenceRecorderUITestsLaunchTests.swift */ = {isa = PBXFileReference; lastKnownFileType = sourcecode.swift; path = AbsenceRecorderUITestsLaunchTests.swift; sourceTree = "<group>"; };
		4396BF96297CA483008380AC /* Student.swift */ = {isa = PBXFileReference; lastKnownFileType = sourcecode.swift; path = Student.swift; sourceTree = "<group>"; };
		4396BF98297CA579008380AC /* Division.swift */ = {isa = PBXFileReference; lastKnownFileType = sourcecode.swift; path = Division.swift; sourceTree = "<group>"; };
		43B8E989298C614D00B9085A /* AbsenceItem.swift */ = {isa = PBXFileReference; lastKnownFileType = sourcecode.swift; path = AbsenceItem.swift; sourceTree = "<group>"; };
		43B8E98B298C638A00B9085A /* StudentAbsence.swift */ = {isa = PBXFileReference; lastKnownFileType = sourcecode.swift; path = StudentAbsence.swift; sourceTree = "<group>"; };
		43B8E98D298C661A00B9085A /* Absence.swift */ = {isa = PBXFileReference; lastKnownFileType = sourcecode.swift; path = Absence.swift; sourceTree = "<group>"; };
		43B8E98F298C69D000B9085A /* DivisionTests.swift */ = {isa = PBXFileReference; lastKnownFileType = sourcecode.swift; path = DivisionTests.swift; sourceTree = "<group>"; };
/* End PBXFileReference section */

/* Begin PBXFrameworksBuildPhase section */
		4396BF62297C9D20008380AC /* Frameworks */ = {
			isa = PBXFrameworksBuildPhase;
			buildActionMask = 2147483647;
			files = (
			);
			runOnlyForDeploymentPostprocessing = 0;
		};
		4396BF72297C9D23008380AC /* Frameworks */ = {
			isa = PBXFrameworksBuildPhase;
			buildActionMask = 2147483647;
			files = (
			);
			runOnlyForDeploymentPostprocessing = 0;
		};
		4396BF7C297C9D23008380AC /* Frameworks */ = {
			isa = PBXFrameworksBuildPhase;
			buildActionMask = 2147483647;
			files = (
			);
			runOnlyForDeploymentPostprocessing = 0;
		};
/* End PBXFrameworksBuildPhase section */

/* Begin PBXGroup section */
		43524D9B2989CA8B00A3D060 /* Extensions */ = {
			isa = PBXGroup;
			children = (
				43524D9C2989CAA200A3D060 /* Date.swift */,
				433058DB29A57D6C0031AF67 /* FileManager.swift */,
			);
			path = Extensions;
			sourceTree = "<group>";
		};
		4396BF5C297C9D20008380AC = {
			isa = PBXGroup;
			children = (
				4396BF67297C9D20008380AC /* AbsenceRecorder */,
				4396BF78297C9D23008380AC /* AbsenceRecorderTests */,
				4396BF82297C9D23008380AC /* AbsenceRecorderUITests */,
				4396BF66297C9D20008380AC /* Products */,
			);
			sourceTree = "<group>";
		};
		4396BF66297C9D20008380AC /* Products */ = {
			isa = PBXGroup;
			children = (
				4396BF65297C9D20008380AC /* AbsenceRecorder.app */,
				4396BF75297C9D23008380AC /* AbsenceRecorderTests.xctest */,
				4396BF7F297C9D23008380AC /* AbsenceRecorderUITests.xctest */,
			);
			name = Products;
			sourceTree = "<group>";
		};
		4396BF67297C9D20008380AC /* AbsenceRecorder */ = {
			isa = PBXGroup;
			children = (
				43524D9B2989CA8B00A3D060 /* Extensions */,
				4396BF93297CA3A1008380AC /* View */,
				4396BF92297CA357008380AC /* Model */,
				4396BF68297C9D20008380AC /* AbsenceRecorderApp.swift */,
				4396BF6E297C9D23008380AC /* Preview Content */,
				4396BF6C297C9D23008380AC /* Assets.xcassets */,
			);
			path = AbsenceRecorder;
			sourceTree = "<group>";
		};
		4396BF6E297C9D23008380AC /* Preview Content */ = {
			isa = PBXGroup;
			children = (
				433FA397298C4D16004C0652 /* StateController.swift */,
				4396BF6F297C9D23008380AC /* Preview Assets.xcassets */,
			);
			path = "Preview Content";
			sourceTree = "<group>";
		};
		4396BF78297C9D23008380AC /* AbsenceRecorderTests */ = {
			isa = PBXGroup;
			children = (
				4396BF79297C9D23008380AC /* AbsenceRecorderTests.swift */,
				43B8E98F298C69D000B9085A /* DivisionTests.swift */,
			);
			path = AbsenceRecorderTests;
			sourceTree = "<group>";
		};
		4396BF82297C9D23008380AC /* AbsenceRecorderUITests */ = {
			isa = PBXGroup;
			children = (
				4396BF83297C9D23008380AC /* AbsenceRecorderUITests.swift */,
				4396BF85297C9D23008380AC /* AbsenceRecorderUITestsLaunchTests.swift */,
			);
			path = AbsenceRecorderUITests;
			sourceTree = "<group>";
		};
		4396BF92297CA357008380AC /* Model */ = {
			isa = PBXGroup;
			children = (
				4396BF96297CA483008380AC /* Student.swift */,
				4396BF98297CA579008380AC /* Division.swift */,
				43B8E98B298C638A00B9085A /* StudentAbsence.swift */,
				43B8E98D298C661A00B9085A /* Absence.swift */,
			);
			path = Model;
			sourceTree = "<group>";
		};
		4396BF93297CA3A1008380AC /* View */ = {
			isa = PBXGroup;
			children = (
				4396BF6A297C9D20008380AC /* DivisionsView.swift */,
				43524D9E2989CF2800A3D060 /* DivisionItem.swift */,
				433FA393298C49CA004C0652 /* AbsenceView.swift */,
				433FA395298C4AB1004C0652 /* RootTabView.swift */,
				433FA399298C4E9E004C0652 /* StatisticsView.swift */,
				43B8E989298C614D00B9085A /* AbsenceItem.swift */,
			);
			path = View;
			sourceTree = "<group>";
		};
/* End PBXGroup section */

/* Begin PBXNativeTarget section */
		4396BF64297C9D20008380AC /* AbsenceRecorder */ = {
			isa = PBXNativeTarget;
			buildConfigurationList = 4396BF89297C9D23008380AC /* Build configuration list for PBXNativeTarget "AbsenceRecorder" */;
			buildPhases = (
				4396BF61297C9D20008380AC /* Sources */,
				4396BF62297C9D20008380AC /* Frameworks */,
				4396BF63297C9D20008380AC /* Resources */,
			);
			buildRules = (
			);
			dependencies = (
			);
			name = AbsenceRecorder;
			productName = AbsenceRecorder;
			productReference = 4396BF65297C9D20008380AC /* AbsenceRecorder.app */;
			productType = "com.apple.product-type.application";
		};
		4396BF74297C9D23008380AC /* AbsenceRecorderTests */ = {
			isa = PBXNativeTarget;
			buildConfigurationList = 4396BF8C297C9D23008380AC /* Build configuration list for PBXNativeTarget "AbsenceRecorderTests" */;
			buildPhases = (
				4396BF71297C9D23008380AC /* Sources */,
				4396BF72297C9D23008380AC /* Frameworks */,
				4396BF73297C9D23008380AC /* Resources */,
			);
			buildRules = (
			);
			dependencies = (
				4396BF77297C9D23008380AC /* PBXTargetDependency */,
			);
			name = AbsenceRecorderTests;
			productName = AbsenceRecorderTests;
			productReference = 4396BF75297C9D23008380AC /* AbsenceRecorderTests.xctest */;
			productType = "com.apple.product-type.bundle.unit-test";
		};
		4396BF7E297C9D23008380AC /* AbsenceRecorderUITests */ = {
			isa = PBXNativeTarget;
			buildConfigurationList = 4396BF8F297C9D23008380AC /* Build configuration list for PBXNativeTarget "AbsenceRecorderUITests" */;
			buildPhases = (
				4396BF7B297C9D23008380AC /* Sources */,
				4396BF7C297C9D23008380AC /* Frameworks */,
				4396BF7D297C9D23008380AC /* Resources */,
			);
			buildRules = (
			);
			dependencies = (
				4396BF81297C9D23008380AC /* PBXTargetDependency */,
			);
			name = AbsenceRecorderUITests;
			productName = AbsenceRecorderUITests;
			productReference = 4396BF7F297C9D23008380AC /* AbsenceRecorderUITests.xctest */;
			productType = "com.apple.product-type.bundle.ui-testing";
		};
/* End PBXNativeTarget section */

/* Begin PBXProject section */
		4396BF5D297C9D20008380AC /* Project object */ = {
			isa = PBXProject;
			attributes = {
				BuildIndependentTargetsInParallel = 1;
				LastSwiftUpdateCheck = 1320;
				LastUpgradeCheck = 1320;
				TargetAttributes = {
					4396BF64297C9D20008380AC = {
						CreatedOnToolsVersion = 13.2.1;
					};
					4396BF74297C9D23008380AC = {
						CreatedOnToolsVersion = 13.2.1;
						TestTargetID = 4396BF64297C9D20008380AC;
					};
					4396BF7E297C9D23008380AC = {
						CreatedOnToolsVersion = 13.2.1;
						TestTargetID = 4396BF64297C9D20008380AC;
					};
				};
			};
			buildConfigurationList = 4396BF60297C9D20008380AC /* Build configuration list for PBXProject "AbsenceRecorder" */;
			compatibilityVersion = "Xcode 13.0";
			developmentRegion = en;
			hasScannedForEncodings = 0;
			knownRegions = (
				en,
				Base,
			);
			mainGroup = 4396BF5C297C9D20008380AC;
			productRefGroup = 4396BF66297C9D20008380AC /* Products */;
			projectDirPath = "";
			projectRoot = "";
			targets = (
				4396BF64297C9D20008380AC /* AbsenceRecorder */,
				4396BF74297C9D23008380AC /* AbsenceRecorderTests */,
				4396BF7E297C9D23008380AC /* AbsenceRecorderUITests */,
			);
		};
/* End PBXProject section */

/* Begin PBXResourcesBuildPhase section */
		4396BF63297C9D20008380AC /* Resources */ = {
			isa = PBXResourcesBuildPhase;
			buildActionMask = 2147483647;
			files = (
				4396BF70297C9D23008380AC /* Preview Assets.xcassets in Resources */,
				4396BF6D297C9D23008380AC /* Assets.xcassets in Resources */,
			);
			runOnlyForDeploymentPostprocessing = 0;
		};
		4396BF73297C9D23008380AC /* Resources */ = {
			isa = PBXResourcesBuildPhase;
			buildActionMask = 2147483647;
			files = (
			);
			runOnlyForDeploymentPostprocessing = 0;
		};
		4396BF7D297C9D23008380AC /* Resources */ = {
			isa = PBXResourcesBuildPhase;
			buildActionMask = 2147483647;
			files = (
			);
			runOnlyForDeploymentPostprocessing = 0;
		};
/* End PBXResourcesBuildPhase section */

/* Begin PBXSourcesBuildPhase section */
		4396BF61297C9D20008380AC /* Sources */ = {
			isa = PBXSourcesBuildPhase;
			buildActionMask = 2147483647;
			files = (
				4396BF6B297C9D20008380AC /* DivisionsView.swift in Sources */,
				433FA39A298C4E9E004C0652 /* StatisticsView.swift in Sources */,
				43524D9D2989CAA200A3D060 /* Date.swift in Sources */,
				433058DC29A57D6C0031AF67 /* FileManager.swift in Sources */,
				43B8E98C298C638A00B9085A /* StudentAbsence.swift in Sources */,
				433FA396298C4AB1004C0652 /* RootTabView.swift in Sources */,
				43B8E98A298C614D00B9085A /* AbsenceItem.swift in Sources */,
				4396BF97297CA483008380AC /* Student.swift in Sources */,
				433FA398298C4D16004C0652 /* StateController.swift in Sources */,
				4396BF99297CA579008380AC /* Division.swift in Sources */,
				4396BF69297C9D20008380AC /* AbsenceRecorderApp.swift in Sources */,
				43524D9F2989CF2800A3D060 /* DivisionItem.swift in Sources */,
				43B8E98E298C661A00B9085A /* Absence.swift in Sources */,
				433FA394298C49CA004C0652 /* AbsenceView.swift in Sources */,
			);
			runOnlyForDeploymentPostprocessing = 0;
		};
		4396BF71297C9D23008380AC /* Sources */ = {
			isa = PBXSourcesBuildPhase;
			buildActionMask = 2147483647;
			files = (
				43B8E990298C69D000B9085A /* DivisionTests.swift in Sources */,
				4396BF7A297C9D23008380AC /* AbsenceRecorderTests.swift in Sources */,
			);
			runOnlyForDeploymentPostprocessing = 0;
		};
		4396BF7B297C9D23008380AC /* Sources */ = {
			isa = PBXSourcesBuildPhase;
			buildActionMask = 2147483647;
			files = (
				4396BF86297C9D23008380AC /* AbsenceRecorderUITestsLaunchTests.swift in Sources */,
				4396BF84297C9D23008380AC /* AbsenceRecorderUITests.swift in Sources */,
			);
			runOnlyForDeploymentPostprocessing = 0;
		};
/* End PBXSourcesBuildPhase section */

/* Begin PBXTargetDependency section */
		4396BF77297C9D23008380AC /* PBXTargetDependency */ = {
			isa = PBXTargetDependency;
			target = 4396BF64297C9D20008380AC /* AbsenceRecorder */;
			targetProxy = 4396BF76297C9D23008380AC /* PBXContainerItemProxy */;
		};
		4396BF81297C9D23008380AC /* PBXTargetDependency */ = {
			isa = PBXTargetDependency;
			target = 4396BF64297C9D20008380AC /* AbsenceRecorder */;
			targetProxy = 4396BF80297C9D23008380AC /* PBXContainerItemProxy */;
		};
/* End PBXTargetDependency section */

/* Begin XCBuildConfiguration section */
		4396BF87297C9D23008380AC /* Debug */ = {
			isa = XCBuildConfiguration;
			buildSettings = {
				ALWAYS_SEARCH_USER_PATHS = NO;
				CLANG_ANALYZER_NONNULL = YES;
				CLANG_ANALYZER_NUMBER_OBJECT_CONVERSION = YES_AGGRESSIVE;
				CLANG_CXX_LANGUAGE_STANDARD = "gnu++17";
				CLANG_CXX_LIBRARY = "libc++";
				CLANG_ENABLE_MODULES = YES;
				CLANG_ENABLE_OBJC_ARC = YES;
				CLANG_ENABLE_OBJC_WEAK = YES;
				CLANG_WARN_BLOCK_CAPTURE_AUTORELEASING = YES;
				CLANG_WARN_BOOL_CONVERSION = YES;
				CLANG_WARN_COMMA = YES;
				CLANG_WARN_CONSTANT_CONVERSION = YES;
				CLANG_WARN_DEPRECATED_OBJC_IMPLEMENTATIONS = YES;
				CLANG_WARN_DIRECT_OBJC_ISA_USAGE = YES_ERROR;
				CLANG_WARN_DOCUMENTATION_COMMENTS = YES;
				CLANG_WARN_EMPTY_BODY = YES;
				CLANG_WARN_ENUM_CONVERSION = YES;
				CLANG_WARN_INFINITE_RECURSION = YES;
				CLANG_WARN_INT_CONVERSION = YES;
				CLANG_WARN_NON_LITERAL_NULL_CONVERSION = YES;
				CLANG_WARN_OBJC_IMPLICIT_RETAIN_SELF = YES;
				CLANG_WARN_OBJC_LITERAL_CONVERSION = YES;
				CLANG_WARN_OBJC_ROOT_CLASS = YES_ERROR;
				CLANG_WARN_QUOTED_INCLUDE_IN_FRAMEWORK_HEADER = YES;
				CLANG_WARN_RANGE_LOOP_ANALYSIS = YES;
				CLANG_WARN_STRICT_PROTOTYPES = YES;
				CLANG_WARN_SUSPICIOUS_MOVE = YES;
				CLANG_WARN_UNGUARDED_AVAILABILITY = YES_AGGRESSIVE;
				CLANG_WARN_UNREACHABLE_CODE = YES;
				CLANG_WARN__DUPLICATE_METHOD_MATCH = YES;
				COPY_PHASE_STRIP = NO;
				DEBUG_INFORMATION_FORMAT = dwarf;
				ENABLE_STRICT_OBJC_MSGSEND = YES;
				ENABLE_TESTABILITY = YES;
				GCC_C_LANGUAGE_STANDARD = gnu11;
				GCC_DYNAMIC_NO_PIC = NO;
				GCC_NO_COMMON_BLOCKS = YES;
				GCC_OPTIMIZATION_LEVEL = 0;
				GCC_PREPROCESSOR_DEFINITIONS = (
					"DEBUG=1",
					"$(inherited)",
				);
				GCC_WARN_64_TO_32_BIT_CONVERSION = YES;
				GCC_WARN_ABOUT_RETURN_TYPE = YES_ERROR;
				GCC_WARN_UNDECLARED_SELECTOR = YES;
				GCC_WARN_UNINITIALIZED_AUTOS = YES_AGGRESSIVE;
				GCC_WARN_UNUSED_FUNCTION = YES;
				GCC_WARN_UNUSED_VARIABLE = YES;
				IPHONEOS_DEPLOYMENT_TARGET = 15.2;
				MTL_ENABLE_DEBUG_INFO = INCLUDE_SOURCE;
				MTL_FAST_MATH = YES;
				ONLY_ACTIVE_ARCH = YES;
				SDKROOT = iphoneos;
				SWIFT_ACTIVE_COMPILATION_CONDITIONS = DEBUG;
				SWIFT_OPTIMIZATION_LEVEL = "-Onone";
			};
			name = Debug;
		};
		4396BF88297C9D23008380AC /* Release */ = {
			isa = XCBuildConfiguration;
			buildSettings = {
				ALWAYS_SEARCH_USER_PATHS = NO;
				CLANG_ANALYZER_NONNULL = YES;
				CLANG_ANALYZER_NUMBER_OBJECT_CONVERSION = YES_AGGRESSIVE;
				CLANG_CXX_LANGUAGE_STANDARD = "gnu++17";
				CLANG_CXX_LIBRARY = "libc++";
				CLANG_ENABLE_MODULES = YES;
				CLANG_ENABLE_OBJC_ARC = YES;
				CLANG_ENABLE_OBJC_WEAK = YES;
				CLANG_WARN_BLOCK_CAPTURE_AUTORELEASING = YES;
				CLANG_WARN_BOOL_CONVERSION = YES;
				CLANG_WARN_COMMA = YES;
				CLANG_WARN_CONSTANT_CONVERSION = YES;
				CLANG_WARN_DEPRECATED_OBJC_IMPLEMENTATIONS = YES;
				CLANG_WARN_DIRECT_OBJC_ISA_USAGE = YES_ERROR;
				CLANG_WARN_DOCUMENTATION_COMMENTS = YES;
				CLANG_WARN_EMPTY_BODY = YES;
				CLANG_WARN_ENUM_CONVERSION = YES;
				CLANG_WARN_INFINITE_RECURSION = YES;
				CLANG_WARN_INT_CONVERSION = YES;
				CLANG_WARN_NON_LITERAL_NULL_CONVERSION = YES;
				CLANG_WARN_OBJC_IMPLICIT_RETAIN_SELF = YES;
				CLANG_WARN_OBJC_LITERAL_CONVERSION = YES;
				CLANG_WARN_OBJC_ROOT_CLASS = YES_ERROR;
				CLANG_WARN_QUOTED_INCLUDE_IN_FRAMEWORK_HEADER = YES;
				CLANG_WARN_RANGE_LOOP_ANALYSIS = YES;
				CLANG_WARN_STRICT_PROTOTYPES = YES;
				CLANG_WARN_SUSPICIOUS_MOVE = YES;
				CLANG_WARN_UNGUARDED_AVAILABILITY = YES_AGGRESSIVE;
				CLANG_WARN_UNREACHABLE_CODE = YES;
				CLANG_WARN__DUPLICATE_METHOD_MATCH = YES;
				COPY_PHASE_STRIP = NO;
				DEBUG_INFORMATION_FORMAT = "dwarf-with-dsym";
				ENABLE_NS_ASSERTIONS = NO;
				ENABLE_STRICT_OBJC_MSGSEND = YES;
				GCC_C_LANGUAGE_STANDARD = gnu11;
				GCC_NO_COMMON_BLOCKS = YES;
				GCC_WARN_64_TO_32_BIT_CONVERSION = YES;
				GCC_WARN_ABOUT_RETURN_TYPE = YES_ERROR;
				GCC_WARN_UNDECLARED_SELECTOR = YES;
				GCC_WARN_UNINITIALIZED_AUTOS = YES_AGGRESSIVE;
				GCC_WARN_UNUSED_FUNCTION = YES;
				GCC_WARN_UNUSED_VARIABLE = YES;
				IPHONEOS_DEPLOYMENT_TARGET = 15.2;
				MTL_ENABLE_DEBUG_INFO = NO;
				MTL_FAST_MATH = YES;
				SDKROOT = iphoneos;
				SWIFT_COMPILATION_MODE = wholemodule;
				SWIFT_OPTIMIZATION_LEVEL = "-O";
				VALIDATE_PRODUCT = YES;
			};
			name = Release;
		};
		4396BF8A297C9D23008380AC /* Debug */ = {
			isa = XCBuildConfiguration;
			buildSettings = {
				ASSETCATALOG_COMPILER_APPICON_NAME = AppIcon;
				ASSETCATALOG_COMPILER_GLOBAL_ACCENT_COLOR_NAME = AccentColor;
				CODE_SIGN_STYLE = Automatic;
				CURRENT_PROJECT_VERSION = 1;
				DEVELOPMENT_ASSET_PATHS = "\"AbsenceRecorder/Preview Content\"";
				ENABLE_PREVIEWS = YES;
				GENERATE_INFOPLIST_FILE = YES;
				INFOPLIST_KEY_UIApplicationSceneManifest_Generation = YES;
				INFOPLIST_KEY_UIApplicationSupportsIndirectInputEvents = YES;
				INFOPLIST_KEY_UILaunchScreen_Generation = YES;
				INFOPLIST_KEY_UISupportedInterfaceOrientations_iPad = "UIInterfaceOrientationPortrait UIInterfaceOrientationPortraitUpsideDown UIInterfaceOrientationLandscapeLeft UIInterfaceOrientationLandscapeRight";
				INFOPLIST_KEY_UISupportedInterfaceOrientations_iPhone = "UIInterfaceOrientationPortrait UIInterfaceOrientationLandscapeLeft UIInterfaceOrientationLandscapeRight";
				LD_RUNPATH_SEARCH_PATHS = (
					"$(inherited)",
					"@executable_path/Frameworks",
				);
				MARKETING_VERSION = 1.0;
				PRODUCT_BUNDLE_IDENTIFIER = com.IvanKorniienko2.AbsenceRecorder;
				PRODUCT_NAME = "$(TARGET_NAME)";
				SWIFT_EMIT_LOC_STRINGS = YES;
				SWIFT_VERSION = 5.0;
				TARGETED_DEVICE_FAMILY = "1,2";
			};
			name = Debug;
		};
		4396BF8B297C9D23008380AC /* Release */ = {
			isa = XCBuildConfiguration;
			buildSettings = {
				ASSETCATALOG_COMPILER_APPICON_NAME = AppIcon;
				ASSETCATALOG_COMPILER_GLOBAL_ACCENT_COLOR_NAME = AccentColor;
				CODE_SIGN_STYLE = Automatic;
				CURRENT_PROJECT_VERSION = 1;
				DEVELOPMENT_ASSET_PATHS = "\"AbsenceRecorder/Preview Content\"";
				ENABLE_PREVIEWS = YES;
				GENERATE_INFOPLIST_FILE = YES;
				INFOPLIST_KEY_UIApplicationSceneManifest_Generation = YES;
				INFOPLIST_KEY_UIApplicationSupportsIndirectInputEvents = YES;
				INFOPLIST_KEY_UILaunchScreen_Generation = YES;
				INFOPLIST_KEY_UISupportedInterfaceOrientations_iPad = "UIInterfaceOrientationPortrait UIInterfaceOrientationPortraitUpsideDown UIInterfaceOrientationLandscapeLeft UIInterfaceOrientationLandscapeRight";
				INFOPLIST_KEY_UISupportedInterfaceOrientations_iPhone = "UIInterfaceOrientationPortrait UIInterfaceOrientationLandscapeLeft UIInterfaceOrientationLandscapeRight";
				LD_RUNPATH_SEARCH_PATHS = (
					"$(inherited)",
					"@executable_path/Frameworks",
				);
				MARKETING_VERSION = 1.0;
				PRODUCT_BUNDLE_IDENTIFIER = com.IvanKorniienko2.AbsenceRecorder;
				PRODUCT_NAME = "$(TARGET_NAME)";
				SWIFT_EMIT_LOC_STRINGS = YES;
				SWIFT_VERSION = 5.0;
				TARGETED_DEVICE_FAMILY = "1,2";
			};
			name = Release;
		};
		4396BF8D297C9D23008380AC /* Debug */ = {
			isa = XCBuildConfiguration;
			buildSettings = {
				ALWAYS_EMBED_SWIFT_STANDARD_LIBRARIES = YES;
				BUNDLE_LOADER = "$(TEST_HOST)";
				CODE_SIGN_STYLE = Automatic;
				CURRENT_PROJECT_VERSION = 1;
				GENERATE_INFOPLIST_FILE = YES;
				IPHONEOS_DEPLOYMENT_TARGET = 15.2;
				MARKETING_VERSION = 1.0;
				PRODUCT_BUNDLE_IDENTIFIER = com.IvanKorniienko2.AbsenceRecorderTests;
				PRODUCT_NAME = "$(TARGET_NAME)";
				SWIFT_EMIT_LOC_STRINGS = NO;
				SWIFT_VERSION = 5.0;
				TARGETED_DEVICE_FAMILY = "1,2";
				TEST_HOST = "$(BUILT_PRODUCTS_DIR)/AbsenceRecorder.app/AbsenceRecorder";
			};
			name = Debug;
		};
		4396BF8E297C9D23008380AC /* Release */ = {
			isa = XCBuildConfiguration;
			buildSettings = {
				ALWAYS_EMBED_SWIFT_STANDARD_LIBRARIES = YES;
				BUNDLE_LOADER = "$(TEST_HOST)";
				CODE_SIGN_STYLE = Automatic;
				CURRENT_PROJECT_VERSION = 1;
				GENERATE_INFOPLIST_FILE = YES;
				IPHONEOS_DEPLOYMENT_TARGET = 15.2;
				MARKETING_VERSION = 1.0;
				PRODUCT_BUNDLE_IDENTIFIER = com.IvanKorniienko2.AbsenceRecorderTests;
				PRODUCT_NAME = "$(TARGET_NAME)";
				SWIFT_EMIT_LOC_STRINGS = NO;
				SWIFT_VERSION = 5.0;
				TARGETED_DEVICE_FAMILY = "1,2";
				TEST_HOST = "$(BUILT_PRODUCTS_DIR)/AbsenceRecorder.app/AbsenceRecorder";
			};
			name = Release;
		};
		4396BF90297C9D23008380AC /* Debug */ = {
			isa = XCBuildConfiguration;
			buildSettings = {
				ALWAYS_EMBED_SWIFT_STANDARD_LIBRARIES = YES;
				CODE_SIGN_STYLE = Automatic;
				CURRENT_PROJECT_VERSION = 1;
				GENERATE_INFOPLIST_FILE = YES;
				MARKETING_VERSION = 1.0;
				PRODUCT_BUNDLE_IDENTIFIER = com.IvanKorniienko2.AbsenceRecorderUITests;
				PRODUCT_NAME = "$(TARGET_NAME)";
				SWIFT_EMIT_LOC_STRINGS = NO;
				SWIFT_VERSION = 5.0;
				TARGETED_DEVICE_FAMILY = "1,2";
				TEST_TARGET_NAME = AbsenceRecorder;
			};
			name = Debug;
		};
		4396BF91297C9D23008380AC /* Release */ = {
			isa = XCBuildConfiguration;
			buildSettings = {
				ALWAYS_EMBED_SWIFT_STANDARD_LIBRARIES = YES;
				CODE_SIGN_STYLE = Automatic;
				CURRENT_PROJECT_VERSION = 1;
				GENERATE_INFOPLIST_FILE = YES;
				MARKETING_VERSION = 1.0;
				PRODUCT_BUNDLE_IDENTIFIER = com.IvanKorniienko2.AbsenceRecorderUITests;
				PRODUCT_NAME = "$(TARGET_NAME)";
				SWIFT_EMIT_LOC_STRINGS = NO;
				SWIFT_VERSION = 5.0;
				TARGETED_DEVICE_FAMILY = "1,2";
				TEST_TARGET_NAME = AbsenceRecorder;
			};
			name = Release;
		};
/* End XCBuildConfiguration section */

/* Begin XCConfigurationList section */
		4396BF60297C9D20008380AC /* Build configuration list for PBXProject "AbsenceRecorder" */ = {
			isa = XCConfigurationList;
			buildConfigurations = (
				4396BF87297C9D23008380AC /* Debug */,
				4396BF88297C9D23008380AC /* Release */,
			);
			defaultConfigurationIsVisible = 0;
			defaultConfigurationName = Release;
		};
		4396BF89297C9D23008380AC /* Build configuration list for PBXNativeTarget "AbsenceRecorder" */ = {
			isa = XCConfigurationList;
			buildConfigurations = (
				4396BF8A297C9D23008380AC /* Debug */,
				4396BF8B297C9D23008380AC /* Release */,
			);
			defaultConfigurationIsVisible = 0;
			defaultConfigurationName = Release;
		};
		4396BF8C297C9D23008380AC /* Build configuration list for PBXNativeTarget "AbsenceRecorderTests" */ = {
			isa = XCConfigurationList;
			buildConfigurations = (
				4396BF8D297C9D23008380AC /* Debug */,
				4396BF8E297C9D23008380AC /* Release */,
			);
			defaultConfigurationIsVisible = 0;
			defaultConfigurationName = Release;
		};
		4396BF8F297C9D23008380AC /* Build configuration list for PBXNativeTarget "AbsenceRecorderUITests" */ = {
			isa = XCConfigurationList;
			buildConfigurations = (
				4396BF90297C9D23008380AC /* Debug */,
				4396BF91297C9D23008380AC /* Release */,
			);
			defaultConfigurationIsVisible = 0;
			defaultConfigurationName = Release;
		};
/* End XCConfigurationList section */
	};
	rootObject = 4396BF5D297C9D20008380AC /* Project object */;
}
